# THIS IS AN AUTOGENERATED FILE. DO NOT EDIT THIS FILE DIRECTLY.
# yarn lockfile v1


redux-mock-store@^1.2.0:
  version "1.2.2"
  resolved "https://registry.yarnpkg.com/redux-mock-store/-/redux-mock-store-1.2.2.tgz#38007dc38f12ca8d965c7521afee5ccacc234d03"

redux-thunk@^2.1.0:
  version "2.2.0"
  resolved "https://registry.yarnpkg.com/redux-thunk/-/redux-thunk-2.2.0.tgz#e615a16e16b47a19a515766133d1e3e99b7852e5"
