# THIS IS AN AUTOGENERATED FILE. DO NOT EDIT THIS FILE DIRECTLY.
# yarn lockfile v1


classnames@^2.2.4:
  version "2.2.5"
  resolved "https://registry.yarnpkg.com/classnames/-/classnames-2.2.5.tgz#fb3801d453467649ef3603c7d61a02bd129bde6d"

react-input-autosize@^1.1.0:
  version "1.1.0"
  resolved "https://registry.yarnpkg.com/react-input-autosize/-/react-input-autosize-1.1.0.tgz#3fe1ac832387d8abab85f6051ceab1c9e5570853"

"react-select@1.0.0-rc.3 || 1.x":
  version "1.0.0-rc.3"
  resolved "https://registry.yarnpkg.com/react-select/-/react-select-1.0.0-rc.3.tgz#94ade090522153067eff09282d0525249ea1d9e3"
  dependencies:
    classnames "^2.2.4"
    react-input-autosize "^1.1.0"
