# THIS IS AN AUTOGENERATED FILE. DO NOT EDIT THIS FILE DIRECTLY.
# yarn lockfile v1


tether-drop@^1.4.0:
  version "1.4.2"
  resolved "https://registry.yarnpkg.com/tether-drop/-/tether-drop-1.4.2.tgz#28e240cce077f4ae1d8e5990a03b71e0cd6fbfec"
  dependencies:
    tether "^1.1.0"

tether-tooltip@^1.1.0:
  version "1.2.0"
  resolved "https://registry.yarnpkg.com/tether-tooltip/-/tether-tooltip-1.2.0.tgz#08f49764d5f448708b51119c9fe119972b4d6962"
  dependencies:
    tether "^1.1.0"
    tether-drop "^1.4.0"

tether@^1.1.0:
  version "1.4.0"
  resolved "https://registry.yarnpkg.com/tether/-/tether-1.4.0.tgz#0f9fa171f75bf58485d8149e94799d7ae74d1c1a"
